# generated by rye
# use `rye lock` or `rye sync` to update this lockfile
#
# last locked with the following flags:
#   pre: false
#   features: []
#   all-features: false
#   with-sources: false

-e file:.
astroid==3.2.1
    # via pylint
black==24.4.2
cfgv==3.4.0
    # via pre-commit
click==8.1.7
    # via black
colorama==0.4.6
    # via mepo
dill==0.3.8
    # via pylint
distlib==0.3.8
    # via virtualenv
filelock==3.14.0
    # via virtualenv
flake8==7.0.0
identify==2.5.36
    # via pre-commit
isort==5.13.2
    # via pylint
mccabe==0.7.0
    # via flake8
    # via pylint
mdutils==1.6.0
mypy-extensions==1.0.0
    # via black
nodeenv==1.8.0
    # via pre-commit
packaging==24.0
    # via black
pathspec==0.12.1
    # via black
platformdirs==4.2.2
    # via black
    # via pylint
    # via virtualenv
pre-commit==3.7.1
pycodestyle==2.11.1
    # via flake8
pyflakes==3.2.0
    # via flake8
pylint==3.2.0
pyyaml==6.0.1
    # via mepo
    # via pre-commit
tomli==2.0.1
    # via black
    # via pylint
tomlkit==0.12.5
    # via pylint
typing-extensions==4.11.0
    # via astroid
    # via black
    # via pylint
virtualenv==20.26.2
    # via pre-commit
setuptools==70.0.0
    # via nodeenv
